{
    "name": "startbootstrap-grayscale",
    "version": "4.1.1",
    "lockfileVersion": 1,
    "requires": true,
    "dependencies": {
        "abbrev": {
            "version": "1.1.1",
            "resolved": "https://registry.npmjs.org/abbrev/-/abbrev-1.1.1.tgz",
            "integrity": "sha512-nne9/IiQ/hzIhY6pdDnbBtz7DjPTKrY00P/zvPSm5pOFkl6xuGrGnXn/VtTNNfNtAfZ9/1RtehkszU9qcTii0Q=="
        },
        "argparse": {
            "version": "1.0.10",
            "resolved": "https://registry.npmjs.org/argparse/-/argparse-1.0.10.tgz",
            "integrity": "sha512-o5Roy6tNG4SL/FOkCAN6RzjiakZS25RLYFrcMttJqbdd8BWrnA+fGz57iN5Pb06pvBGvl5gQ0B48dJlslXvoTg=="
        },
        "bootstrap": {
            "version": "4.1.1",
            "resolved": "https://registry.npmjs.org/bootstrap/-/bootstrap-4.1.1.tgz",
            "integrity": "sha512-SpiDSOcbg4J/PjVSt4ny5eY6j74VbVSjROY4Fb/WIUXBV9cnb5luyR4KnPvNoXuGnBK1T+nJIWqRsvU3yP8Mcg=="
        },
        "browser-sync": {
            "version": "2.24.3",
            "resolved": "https://registry.npmjs.org/browser-sync/-/browser-sync-2.24.3.tgz",
            "integrity": "sha512-X+6VIrakzQDF7HHskSXhBqLxaO2Jy87HShL8zeGzfwvBhWqza0r9ISGQBF664RVu6vlUsvQMNo0cWfZNJs7sWQ==",
            "dev": true
        },
        "colors": {
            "version": "1.1.2",
            "resolved": "https://registry.npmjs.org/colors/-/colors-1.1.2.tgz",
            "integrity": "sha1-FopHAXVran9RoSzgyXv6KMCE7WM="
        },
        "eventemitter2": {
            "version": "0.4.14",
            "resolved": "https://registry.npmjs.org/eventemitter2/-/eventemitter2-0.4.14.tgz",
            "integrity": "sha1-j2G3XN4BKy6esoTUVFWDtWQ7Yas="
        },
        "exit": {
            "version": "0.1.2",
            "resolved": "https://registry.npmjs.org/exit/-/exit-0.1.2.tgz",
            "integrity": "sha1-BjJjj42HfMghB9MKD/8aF8uhzQw="
        },
        "font-awesome": {
            "version": "4.7.0",
            "resolved": "https://registry.npmjs.org/font-awesome/-/font-awesome-4.7.0.tgz",
            "integrity": "sha1-j6jPBBGhoxr9B7BtKQK7n8gVoTM="
        },
        "fs.realpath": {
            "version": "1.0.0",
            "resolved": "https://registry.npmjs.org/fs.realpath/-/fs.realpath-1.0.0.tgz",
            "integrity": "sha1-FQStJSMVjKpA20onh8sBQRmU6k8="
        },
        "grunt": {
            "version": "1.3.0",
            "resolved": "https://registry.npmjs.org/grunt/-/grunt-1.3.0.tgz",
            "integrity": "sha512-6ILlMXv11/4cxuhSMfSU+SfvbxrPuqZrAtLN64+tZpQ3DAKfSQPQHRbTjSbdtxfyQhGZPtN0bDZJ/LdCM5WXXA==",
            "requires": {
                "dateformat": "~3.0.3",
                "eventemitter2": "~0.4.13",
                "exit": "~0.1.2",
                "findup-sync": "~0.3.0",
                "glob": "~7.1.6",
                "grunt-cli": "~1.3.2",
                "grunt-known-options": "~1.1.0",
                "grunt-legacy-log": "~3.0.0",
                "grunt-legacy-util": "~2.0.0",
                "iconv-lite": "~0.4.13",
                "js-yaml": "~3.14.0",
                "minimatch": "~3.0.4",
                "mkdirp": "~1.0.4",
                "nopt": "~3.0.6",
                "rimraf": "~3.0.2"
            },
            "dependencies": {
                "ansi-styles": {
                    "version": "4.3.0",
                    "resolved": "https://registry.npmjs.org/ansi-styles/-/ansi-styles-4.3.0.tgz",
                    "integrity": "sha512-zbB9rCJAT1rbjiVDb2hqKFHNYLxgtk8NURxZ3IZwD3F6NtxbXZQCnnSi1Lkx+IDohdPlFp222wVALIheZJQSEg==",
                    "requires": {
                        "color-convert": "^2.0.1"
                    }
                },
                "async": {
                    "version": "3.2.0",
                    "resolved": "https://registry.npmjs.org/async/-/async-3.2.0.tgz",
                    "integrity": "sha512-TR2mEZFVOj2pLStYxLht7TyfuRzaydfpxr3k9RpHIzMgw7A64dzsdqCxH1WJyQdoe8T10nDXd9wnEigmiuHIZw=="
                },
                "chalk": {
                    "version": "4.1.1",
                    "resolved": "https://registry.npmjs.org/chalk/-/chalk-4.1.1.tgz",
                    "integrity": "sha512-diHzdDKxcU+bAsUboHLPEDQiw0qEe0qd7SYUn3HgcFlWgbDcfLGswOHYeGrHKzG9z6UYf01d9VFMfZxPM1xZSg==",
                    "requires": {
                        "ansi-styles": "^4.1.0",
                        "supports-color": "^7.1.0"
                    }
                },
                "color-convert": {
                    "version": "2.0.1",
                    "resolved": "https://registry.npmjs.org/color-convert/-/color-convert-2.0.1.tgz",
                    "integrity": "sha512-RRECPsj7iu/xb5oKYcsFHSppFNnsj/52OVTRKb4zP5onXwVF3zVmmToNcOfGC+CRDpfK/U584fMg38ZHCaElKQ==",
                    "requires": {
                        "color-name": "~1.1.4"
                    }
                },
                "color-name": {
                    "version": "1.1.4",
                    "resolved": "https://registry.npmjs.org/color-name/-/color-name-1.1.4.tgz",
                    "integrity": "sha512-dOy+3AuW3a2wNbZHIuMZpTcgjGuLU/uBL/ubcZF9OXbDo8ff4O8yVp5Bf0efS8uEoYo5q4Fx7dY9OgQGXgAsQA=="
                },
                "dateformat": {
                    "version": "3.0.3",
                    "resolved": "https://registry.npmjs.org/dateformat/-/dateformat-3.0.3.tgz",
                    "integrity": "sha512-jyCETtSl3VMZMWeRo7iY1FL19ges1t55hMo5yaam4Jrsm5EPL89UQkoQRyiI+Yf4k8r2ZpdngkV8hr1lIdjb3Q=="
                },
                "esprima": {
                    "version": "4.0.1",
                    "resolved": "https://registry.npmjs.org/esprima/-/esprima-4.0.1.tgz",
                    "integrity": "sha512-eGuFFw7Upda+g4p+QHvnW0RyTX/SVeJBDM/gCtMARO0cLuT2HcEKnTPvhjV6aGeqrCB/sbNop0Kszm0jsaWU4A=="
                },
                "findup-sync": {
                    "version": "0.3.0",
                    "resolved": "https://registry.npmjs.org/findup-sync/-/findup-sync-0.3.0.tgz",
                    "integrity": "sha1-N5MKpdgWt3fANEXhlmzGeQpMCxY=",
                    "requires": {
                        "glob": "~5.0.0"
                    },
                    "dependencies": {
                        "glob": {
                            "version": "5.0.15",
                            "resolved": "https://registry.npmjs.org/glob/-/glob-5.0.15.tgz",
                            "integrity": "sha1-G8k2ueAvSmA/zCIuz3Yz0wuLk7E=",
                            "requires": {
                                "inflight": "^1.0.4",
                                "inherits": "2",
                                "minimatch": "2 || 3",
                                "once": "^1.3.0",
                                "path-is-absolute": "^1.0.0"
                            }
                        }
                    }
                },
                "getobject": {
                    "version": "1.0.0",
                    "resolved": "https://registry.npmjs.org/getobject/-/getobject-1.0.0.tgz",
                    "integrity": "sha512-tbUz6AKKKr2YiMB+fLWIgq5ZeBOobop9YMMAU9dC54/ot2ksMXt3DOFyBuhZw6ptcVszEykgByK20j7W9jHFag=="
                },
                "glob": {
                    "version": "7.1.7",
                    "resolved": "https://registry.npmjs.org/glob/-/glob-7.1.7.tgz",
                    "integrity": "sha512-OvD9ENzPLbegENnYP5UUfJIirTg4+XwMWGaQfQTY0JenxNvvIKP3U3/tAQSPIu/lHxXYSZmpXlUHeqAIdKzBLQ==",
                    "requires": {
                        "fs.realpath": "^1.0.0",
                        "inflight": "^1.0.4",
                        "inherits": "2",
                        "minimatch": "^3.0.4",
                        "once": "^1.3.0",
                        "path-is-absolute": "^1.0.0"
                    }
                },
                "grunt-cli": {
                    "version": "1.3.2",
                    "resolved": "https://registry.npmjs.org/grunt-cli/-/grunt-cli-1.3.2.tgz",
                    "integrity": "sha512-8OHDiZZkcptxVXtMfDxJvmN7MVJNE8L/yIcPb4HB7TlyFD1kDvjHrb62uhySsU14wJx9ORMnTuhRMQ40lH/orQ==",
                    "requires": {
                        "grunt-known-options": "~1.1.0",
                        "interpret": "~1.1.0",
                        "liftoff": "~2.5.0",
                        "nopt": "~4.0.1",
                        "v8flags": "~3.1.1"
                    },
                    "dependencies": {
                        "nopt": {
                            "version": "4.0.3",
                            "resolved": "https://registry.npmjs.org/nopt/-/nopt-4.0.3.tgz",
                            "integrity": "sha512-CvaGwVMztSMJLOeXPrez7fyfObdZqNUK1cPAEzLHrTybIua9pMdmmPR5YwtfNftIOMv3DPUhFaxsZMNTQO20Kg==",
                            "requires": {
                                "abbrev": "1",
                                "osenv": "^0.1.4"
                            }
                        }
                    }
                },
                "grunt-legacy-log": {
                    "version": "3.0.0",
                    "resolved": "https://registry.npmjs.org/grunt-legacy-log/-/grunt-legacy-log-3.0.0.tgz",
                    "integrity": "sha512-GHZQzZmhyq0u3hr7aHW4qUH0xDzwp2YXldLPZTCjlOeGscAOWWPftZG3XioW8MasGp+OBRIu39LFx14SLjXRcA==",
                    "requires": {
                        "colors": "~1.1.2",
                        "grunt-legacy-log-utils": "~2.1.0",
                        "hooker": "~0.2.3",
                        "lodash": "~4.17.19"
                    }
                },
                "grunt-legacy-log-utils": {
                    "version": "2.1.0",
                    "resolved": "https://registry.npmjs.org/grunt-legacy-log-utils/-/grunt-legacy-log-utils-2.1.0.tgz",
                    "integrity": "sha512-lwquaPXJtKQk0rUM1IQAop5noEpwFqOXasVoedLeNzaibf/OPWjKYvvdqnEHNmU+0T0CaReAXIbGo747ZD+Aaw==",
                    "requires": {
                        "chalk": "~4.1.0",
                        "lodash": "~4.17.19"
                    }
                },
                "grunt-legacy-util": {
                    "version": "2.0.1",
                    "resolved": "https://registry.npmjs.org/grunt-legacy-util/-/grunt-legacy-util-2.0.1.tgz",
                    "integrity": "sha512-2bQiD4fzXqX8rhNdXkAywCadeqiPiay0oQny77wA2F3WF4grPJXCvAcyoWUJV+po/b15glGkxuSiQCK299UC2w==",
                    "requires": {
                        "async": "~3.2.0",
                        "exit": "~0.1.2",
                        "getobject": "~1.0.0",
                        "hooker": "~0.2.3",
                        "lodash": "~4.17.21",
                        "underscore.string": "~3.3.5",
                        "which": "~2.0.2"
                    }
                },
                "has-flag": {
                    "version": "4.0.0",
                    "resolved": "https://registry.npmjs.org/has-flag/-/has-flag-4.0.0.tgz",
                    "integrity": "sha512-EykJT/Q1KjTWctppgIAgfSO0tKVuZUjhgMr17kqTumMl6Afv3EISleU7qZUzoXDFTAHTDC4NOoG/ZxU3EvlMPQ=="
                },
                "js-yaml": {
                    "version": "3.14.1",
                    "resolved": "https://registry.npmjs.org/js-yaml/-/js-yaml-3.14.1.tgz",
                    "integrity": "sha512-okMH7OXXJ7YrN9Ok3/SXrnu4iX9yOk+25nqX4imS2npuvTYDmo/QEZoqwZkYaIDk3jVvBOTOIEgEhaLOynBS9g==",
                    "requires": {
                        "argparse": "^1.0.7",
                        "esprima": "^4.0.0"
                    }
                },
                "lodash": {
                    "version": "4.17.21",
                    "resolved": "https://registry.npmjs.org/lodash/-/lodash-4.17.21.tgz",
                    "integrity": "sha512-v2kDEe57lecTulaDIuNTPy3Ry4gLGJ6Z1O3vE1krgXZNrsQ+LFTGHVxVjcXPs17LhbZVGedAJv8XZ1tvj5FvSg=="
                },
                "mkdirp": {
                    "version": "1.0.4",
                    "resolved": "https://registry.npmjs.org/mkdirp/-/mkdirp-1.0.4.tgz",
                    "integrity": "sha512-vVqVZQyf3WLx2Shd0qJ9xuvqgAyKPLAiqITEtqW0oIUjzo3PePDd6fW9iFz30ef7Ysp/oiWqbhszeGWW2T6Gzw=="
                },
                "rimraf": {
                    "version": "3.0.2",
                    "resolved": "https://registry.npmjs.org/rimraf/-/rimraf-3.0.2.tgz",
                    "integrity": "sha512-JZkJMZkAGFFPP2YqXZXPbMlMBgsxzE8ILs4lMIX/2o0L9UBw9O/Y3o6wFw/i9YLapcUJWwqbi3kdxIPdC62TIA==",
                    "requires": {
                        "glob": "^7.1.3"
                    }
                },
                "supports-color": {
                    "version": "7.2.0",
                    "resolved": "https://registry.npmjs.org/supports-color/-/supports-color-7.2.0.tgz",
                    "integrity": "sha512-qpCAvRl9stuOHveKsn7HncJRvv501qIacKzQlO/+Lwxc9+0q2wLyv4Dfvt80/DPn2pqOBsJdDiogXGR9+OvwRw==",
                    "requires": {
                        "has-flag": "^4.0.0"
                    }
                },
                "underscore.string": {
                    "version": "3.3.5",
                    "resolved": "https://registry.npmjs.org/underscore.string/-/underscore.string-3.3.5.tgz",
                    "integrity": "sha512-g+dpmgn+XBneLmXXo+sGlW5xQEt4ErkS3mgeN2GFbremYeMBSJKr9Wf2KJplQVaiPY/f7FN6atosWYNm9ovrYg==",
                    "requires": {
                        "sprintf-js": "^1.0.3",
                        "util-deprecate": "^1.0.2"
                    }
                },
                "v8flags": {
                    "version": "3.1.3",
                    "resolved": "https://registry.npmjs.org/v8flags/-/v8flags-3.1.3.tgz",
                    "integrity": "sha512-amh9CCg3ZxkzQ48Mhcb8iX7xpAfYJgePHxWMQCBWECpOSqJUXgY26ncA61UTV0BkPqfhcy6mzwCIoP4ygxpW8w==",
                    "requires": {
                        "homedir-polyfill": "^1.0.1"
                    }
                },
                "which": {
                    "version": "2.0.2",
                    "resolved": "https://registry.npmjs.org/which/-/which-2.0.2.tgz",
                    "integrity": "sha512-BLI3Tl1TW3Pvl70l3yq3Y64i+awpwXqsGBYWkkqMtnbXgrMD+yj7rhW0kuEDxzJaYXGjEW5ogapKNMEKNMjibA==",
                    "requires": {
                        "isexe": "^2.0.0"
                    }
                }
            }
        },
        "grunt-contrib-concat": {
            "version": "1.0.1",
            "resolved": "https://registry.npmjs.org/grunt-contrib-concat/-/grunt-contrib-concat-1.0.1.tgz",
            "integrity": "sha1-YVCYYwhOhx1+ht5IwBUlntl3Rb0="
        },
        "grunt-contrib-jshint": {
            "version": "1.1.0",
            "resolved": "https://registry.npmjs.org/grunt-contrib-jshint/-/grunt-contrib-jshint-1.1.0.tgz",
            "integrity": "sha1-Np2QmyWTxA6L55lAshNAhQx5Oaw="
        },
        "grunt-contrib-qunit": {
            "version": "2.0.0",
            "resolved": "https://registry.npmjs.org/grunt-contrib-qunit/-/grunt-contrib-qunit-2.0.0.tgz",
            "integrity": "sha1-VKUbSyyE/uYsO34AFFySjR7Ct+w="
        },
        "grunt-contrib-uglify": {
            "version": "3.3.0",
            "resolved": "https://registry.npmjs.org/grunt-contrib-uglify/-/grunt-contrib-uglify-3.3.0.tgz",
            "integrity": "sha512-W9O7lJE3PlD8VCc5fyaf98QV7f5wEDiU4PBIh0+/6UBbk2LhgzEFS0/p+taH5UD3+PlEn7QPN0o06Z0To6SqXw=="
        },
        "grunt-contrib-watch": {
            "version": "1.0.1",
            "resolved": "https://registry.npmjs.org/grunt-contrib-watch/-/grunt-contrib-watch-1.0.1.tgz",
            "integrity": "sha512-8Zka/svGl6+ZwF7d6z/CfXwsb4cDODnajmZsY4nUAs9Ob0kJEcsLiDf5qm2HdDoEcm3NHjWCrFiWx+PZ2y4D7A==",
            "dependencies": {
                "gaze": {
                    "version": "1.1.2",
                    "resolved": "https://registry.npmjs.org/gaze/-/gaze-1.1.2.tgz",
                    "integrity": "sha1-hHIkZ3rbiHDWeSV+0ziP22HkAQU="
                },
                "glob": {
                    "version": "7.1.2",
                    "resolved": "https://registry.npmjs.org/glob/-/glob-7.1.2.tgz",
                    "integrity": "sha512-MJTUg1kjuLeQCJ+ccE4Vpa6kKVXkPYJ2mOCQyUuKLcLQsdrMCpBPUi8qVE6+YuaJkozeA9NusTAw3hLr8Xe5EQ=="
                },
                "globule": {
                    "version": "1.2.0",
                    "resolved": "https://registry.npmjs.org/globule/-/globule-1.2.0.tgz",
                    "integrity": "sha1-HcScaCLdnoovoAuiopUAboZkvQk="
                },
                "lodash": {
                    "version": "4.17.10",
                    "resolved": "https://registry.npmjs.org/lodash/-/lodash-4.17.10.tgz",
                    "integrity": "sha512-UejweD1pDoXu+AD825lWwp4ZGtSwgnpZxb3JDViD7StjQz+Nb/6l093lx4OQ0foGWNRoc19mWy7BzL+UAK2iVg=="
                }
            }
        },
        "grunt-known-options": {
            "version": "1.1.0",
            "resolved": "https://registry.npmjs.org/grunt-known-options/-/grunt-known-options-1.1.0.tgz",
            "integrity": "sha1-pCdO6zL6dl2lp6OxcSYXzjsUQUk="
        },
        "grunt-serve": {
            "version": "0.1.6",
            "resolved": "https://registry.npmjs.org/grunt-serve/-/grunt-serve-0.1.6.tgz",
            "integrity": "sha1-mGhKulH5JyrpvTT1l5iWLO7U7SM=",
            "dependencies": {
                "batch": {
                    "version": "0.5.0",
                    "resolved": "https://registry.npmjs.org/batch/-/batch-0.5.0.tgz",
                    "integrity": "sha1-/S4Fp6XWlrTbkxQBPihdj/NVfsM="
                },
                "bytes": {
                    "version": "0.2.1",
                    "resolved": "https://registry.npmjs.org/bytes/-/bytes-0.2.1.tgz",
                    "integrity": "sha1-VVsIq8sGP4l1kFMCUj5M1P/f3zE="
                },
                "connect": {
                    "version": "2.13.1",
                    "resolved": "https://registry.npmjs.org/connect/-/connect-2.13.1.tgz",
                    "integrity": "sha1-qrgr6fB2WkI6qZQxq5IqqoCBqiI="
                },
                "cookie": {
                    "version": "0.1.0",
                    "resolved": "https://registry.npmjs.org/cookie/-/cookie-0.1.0.tgz",
                    "integrity": "sha1-kOtGndzpBchm3mh+/EMTHYgB+dA="
                },
                "debug": {
                    "version": "0.8.1",
                    "resolved": "https://registry.npmjs.org/debug/-/debug-0.8.1.tgz",
                    "integrity": "sha1-IP9NJvXkIstoobrLu2EDmtjBwTA="
                },
                "fresh": {
                    "version": "0.2.0",
                    "resolved": "https://registry.npmjs.org/fresh/-/fresh-0.2.0.tgz",
                    "integrity": "sha1-v9lALPPfEsSkwxDHn5mj3eE9NKc="
                },
                "mime": {
                    "version": "1.2.11",
                    "resolved": "https://registry.npmjs.org/mime/-/mime-1.2.11.tgz",
                    "integrity": "sha1-WCA+7Ybjpe8XrtK32evUfwpg3RA="
                },
                "negotiator": {
                    "version": "0.3.0",
                    "resolved": "https://registry.npmjs.org/negotiator/-/negotiator-0.3.0.tgz",
                    "integrity": "sha1-cG1pLv7d9XTVfqn7GriaT6fuj2A="
                },
                "qs": {
                    "version": "0.6.6",
                    "resolved": "https://registry.npmjs.org/qs/-/qs-0.6.6.tgz",
                    "integrity": "sha1-bgFQmP9RlouKPIGQAdXyyJvEsQc="
                },
                "range-parser": {
                    "version": "0.0.4",
                    "resolved": "https://registry.npmjs.org/range-parser/-/range-parser-0.0.4.tgz",
                    "integrity": "sha1-wEJ//vUcEKy6B4KkbJYC50T/Ygs="
                },
                "raw-body": {
                    "version": "1.1.3",
                    "resolved": "https://registry.npmjs.org/raw-body/-/raw-body-1.1.3.tgz",
                    "integrity": "sha1-PS+R4kSSWcxnuMPOnwYdtbmHk1s="
                },
                "send": {
                    "version": "0.1.4",
                    "resolved": "https://registry.npmjs.org/send/-/send-0.1.4.tgz",
                    "integrity": "sha1-vnDY0b4B3mGCGvE3gLUDRaT3Gr0="
                }
            }
        },
        "gulp": {
            "version": "3.9.1",
            "resolved": "https://registry.npmjs.org/gulp/-/gulp-3.9.1.tgz",
            "integrity": "sha1-VxzkWSjdQK9lFPxAEYZgFsE4RbQ=",
            "dev": true,
            "dependencies": {
                "semver": {
                    "version": "4.3.6",
                    "resolved": "https://registry.npmjs.org/semver/-/semver-4.3.6.tgz",
                    "integrity": "sha1-MAvG4OhjdPe6YQaLWx7NV/xlMto="
                }
            }
        },
        "gulp-clean-css": {
            "version": "3.9.4",
            "resolved": "https://registry.npmjs.org/gulp-clean-css/-/gulp-clean-css-3.9.4.tgz",
            "integrity": "sha512-jsbAj65WM08H1jCFOKpIvA1OlACk7OHS2FFTeeBZrSJ5OR1PJzAqi0I2R2LTWYN3oMd/N1JYN9cN2IS/8eYqdg==",
            "dev": true
        },
        "gulp-header": {
            "version": "2.0.5",
            "resolved": "https://registry.npmjs.org/gulp-header/-/gulp-header-2.0.5.tgz",
            "integrity": "sha512-7bOIiHvM1GUHIG3LRH+UIanOxyjSys0FbzzgUBlV2cZIIZihEW+KKKKm0ejUBNGvRdhISEFFr6HlptXoa28gtQ==",
            "dev": true,
            "dependencies": {
                "lodash.template": {
                    "version": "4.4.0",
                    "resolved": "https://registry.npmjs.org/lodash.template/-/lodash.template-4.4.0.tgz",
                    "integrity": "sha1-5zoDhcg1VZF0bgILmWecaQ5o+6A="
                },
                "lodash.templatesettings": {
                    "version": "4.1.0",
                    "resolved": "https://registry.npmjs.org/lodash.templatesettings/-/lodash.templatesettings-4.1.0.tgz",
                    "integrity": "sha1-K01OlbpEDZFf8IvImeRVNmZxMxY="
                }
            }
        },
        "gulp-rename": {
            "version": "1.2.2",
            "resolved": "https://registry.npmjs.org/gulp-rename/-/gulp-rename-1.2.2.tgz",
            "integrity": "sha1-OtRCh2PwXidk3sHGfYaNsnVoeBc=",
            "dev": true
        },
        "gulp-sass": {
            "version": "4.0.1",
            "resolved": "https://registry.npmjs.org/gulp-sass/-/gulp-sass-4.0.1.tgz",
            "integrity": "sha512-OMQEgWNggpog8Tc5v1MuI6eo+5iiPkVeLL76iBhDoEEScLUPfZlpvzmgTnLkpcqdrNodZxpz5qcv6mS2rulk3g==",
            "dev": true,
            "dependencies": {
                "ansi-regex": {
                    "version": "3.0.0",
                    "resolved": "https://registry.npmjs.org/ansi-regex/-/ansi-regex-3.0.0.tgz",
                    "integrity": "sha1-7QMXwyIGT3lGbAKWa922Bas32Zg="
                },
                "ansi-styles": {
                    "version": "3.2.1",
                    "resolved": "https://registry.npmjs.org/ansi-styles/-/ansi-styles-3.2.1.tgz",
                    "integrity": "sha512-VT0ZI6kZRdTh8YyJw3SMbYm/u+NqfsAxEpWO0Pf9sq8/e94WxxOpPKx9FR1FlyCtOVDNOQ+8ntlqFxiRc+r5qA=="
                },
                "chalk": {
                    "version": "2.3.2",
                    "resolved": "https://registry.npmjs.org/chalk/-/chalk-2.3.2.tgz",
                    "integrity": "sha512-ZM4j2/ld/YZDc3Ma8PgN7gyAk+kHMMMyzLNryCPGhWrsfAuDVeuid5bpRFTDgMH9JBK2lA4dyyAkkZYF/WcqDQ=="
                },
                "replace-ext": {
                    "version": "1.0.0",
                    "resolved": "https://registry.npmjs.org/replace-ext/-/replace-ext-1.0.0.tgz",
                    "integrity": "sha1-3mMSg3P8v3w8z6TeWkgMRaZ5WOs="
                },
                "strip-ansi": {
                    "version": "4.0.0",
                    "resolved": "https://registry.npmjs.org/strip-ansi/-/strip-ansi-4.0.0.tgz",
                    "integrity": "sha1-qEeQIusaw2iocTibY1JixQXuNo8="
                },
                "supports-color": {
                    "version": "5.3.0",
                    "resolved": "https://registry.npmjs.org/supports-color/-/supports-color-5.3.0.tgz",
                    "integrity": "sha512-0aP01LLIskjKs3lq52EC0aGBAJhLq7B2Rd8HC/DR/PtNNpcLilNmHC12O+hu0usQpo7wtHNRqtrhBwtDb0+dNg=="
                }
            }
        },
        "gulp-uglify": {
            "version": "3.0.0",
            "resolved": "https://registry.npmjs.org/gulp-uglify/-/gulp-uglify-3.0.0.tgz",
            "integrity": "sha1-DfAzHXKg0wLj434QlIXd3zPG0co=",
            "dev": true,
            "dependencies": {
                "lodash": {
                    "version": "4.17.4",
                    "resolved": "https://registry.npmjs.org/lodash/-/lodash-4.17.4.tgz",
                    "integrity": "sha1-eCA6TRwyiuHYbcpkYONptX9AVa4="
                }
            }
        },
        "hawk": {
            "version": "7.0.7",
            "resolved": "https://registry.npmjs.org/hawk/-/hawk-7.0.7.tgz",
            "integrity": "sha512-Vr0JSJCDO3wajpu/YDTArTPPloLFhkzj7s45HYDP+tJuleTYKcTplbVT4+xx6YHzOxD1GBUisxCSz9u58eOOSA==",
            "dependencies": {
                "boom": {
                    "version": "7.2.0",
                    "resolved": "https://registry.npmjs.org/boom/-/boom-7.2.0.tgz",
                    "integrity": "sha1-K/8kpVVldn/ehp7ICDF+sQxI6WY="
                },
                "cryptiles": {
                    "version": "4.1.1",
                    "resolved": "https://registry.npmjs.org/cryptiles/-/cryptiles-4.1.1.tgz",
                    "integrity": "sha512-YuQUPbcOmaZsdvxJZ25DCA1W+lLIRoPJKBDKin+St1RCYEERSfoe1d25B1MvWNHN3e8SpFSVsqYvEUjp8J9H2w=="
                },
                "hoek": {
                    "version": "5.0.3",
                    "resolved": "https://registry.npmjs.org/hoek/-/hoek-5.0.3.tgz",
                    "integrity": "sha512-Bmr56pxML1c9kU+NS51SMFkiVQAb+9uFfXwyqR2tn4w2FPvmPt65eZ9aCcEfRXd9G74HkZnILC6p967pED4aiw=="
                },
                "sntp": {
                    "version": "3.0.1",
                    "resolved": "https://registry.npmjs.org/sntp/-/sntp-3.0.1.tgz",
                    "integrity": "sha512-k2SIWd9c1dBRDLalpr2Ioc64bPxTpmUwSsQi+w7CLdizUIvGrbUZloEHw5I6VeqCKNWjL9p7n+LdtD5XQXJMbw=="
                }
            }
        },
        "homedir-polyfill": {
            "version": "1.0.1",
            "resolved": "https://registry.npmjs.org/homedir-polyfill/-/homedir-polyfill-1.0.1.tgz",
            "integrity": "sha1-TCu8inWJmP7r9e1oWA921GdotLw="
        },
        "hooker": {
            "version": "0.2.3",
            "resolved": "https://registry.npmjs.org/hooker/-/hooker-0.2.3.tgz",
            "integrity": "sha1-uDT3I8xKJCqmWWNFnfbZhMXT2Vk="
        },
        "iconv-lite": {
            "version": "0.4.19",
            "resolved": "https://registry.npmjs.org/iconv-lite/-/iconv-lite-0.4.19.tgz",
            "integrity": "sha512-oTZqweIP51xaGPI4uPa56/Pri/480R+mo7SeU+YETByQNhDG55ycFyNLIgta9vXhILrxXDmF7ZGhqZIcuN0gJQ=="
        },
        "inflight": {
            "version": "1.0.6",
            "resolved": "https://registry.npmjs.org/inflight/-/inflight-1.0.6.tgz",
            "integrity": "sha1-Sb1jMdfQLQwJvJEKEHW6gWW1bfk="
        },
        "inherits": {
            "version": "2.0.3",
            "resolved": "https://registry.npmjs.org/inherits/-/inherits-2.0.3.tgz",
            "integrity": "sha1-Yzwsg+PaQqUC9SRmAiSA9CCCYd4="
        },
        "interpret": {
            "version": "1.1.0",
            "resolved": "https://registry.npmjs.org/interpret/-/interpret-1.1.0.tgz",
            "integrity": "sha1-ftGxQQxqDg94z5XTuEQMY/eLhhQ="
        },
        "isexe": {
            "version": "2.0.0",
            "resolved": "https://registry.npmjs.org/isexe/-/isexe-2.0.0.tgz",
            "integrity": "sha1-6PvzdNxVb/iUehDcsFctYz8s+hA="
        },
        "jquery": {
            "version": "3.3.1",
            "resolved": "https://registry.npmjs.org/jquery/-/jquery-3.3.1.tgz",
            "integrity": "sha512-Ubldcmxp5np52/ENotGxlLe6aGMvmF4R8S6tZjsP6Knsaxd/xp3Zrh50cG93lR6nPXyUFwzN3ZSOQI0wRJNdGg=="
        },
        "jquery.easing": {
            "version": "1.4.1",
            "resolved": "https://registry.npmjs.org/jquery.easing/-/jquery.easing-1.4.1.tgz",
            "integrity": "sha1-R5gsWDa9dY/UhJSSPEoQHvbpPjs="
        },
        "liftoff": {
            "version": "2.5.0",
            "resolved": "https://registry.npmjs.org/liftoff/-/liftoff-2.5.0.tgz",
            "integrity": "sha1-IAkpG7Mc6oYbvxCnwVooyvdcMew="
        },
        "minimatch": {
            "version": "3.0.4",
            "resolved": "https://registry.npmjs.org/minimatch/-/minimatch-3.0.4.tgz",
            "integrity": "sha512-yJHVQEhyqPLUTgt9B83PXu6W3rx4MvvHvSUvToogpwoGDOUQ+yDrR0HRot+yOCdCO7u4hX3pWft6kWBBcqh0UA=="
        },
        "nopt": {
            "version": "3.0.6",
            "resolved": "https://registry.npmjs.org/nopt/-/nopt-3.0.6.tgz",
            "integrity": "sha1-xkZdvwirzU2zWTF/eaxopkayj/k="
        },
        "once": {
            "version": "1.3.3",
            "resolved": "https://registry.npmjs.org/once/-/once-1.3.3.tgz",
            "integrity": "sha1-suJhVXzkwxTsgwTz+oJmPkKXyiA="
        },
        "osenv": {
            "version": "0.1.5",
            "resolved": "https://registry.npmjs.org/osenv/-/osenv-0.1.5.tgz",
            "integrity": "sha512-0CWcCECdMVc2Rw3U5w9ZjqX6ga6ubk1xDVKxtBQPK7wis/0F2r9T6k4ydGYhecl7YUBxBVxhL5oisPsNxAPe2g=="
        },
        "path-is-absolute": {
            "version": "1.0.1",
            "resolved": "https://registry.npmjs.org/path-is-absolute/-/path-is-absolute-1.0.1.tgz",
            "integrity": "sha1-F0uSaHNVNP+8es5r9TpanhtcX18="
        },
        "popper.js": {
            "version": "1.14.3",
            "resolved": "https://registry.npmjs.org/popper.js/-/popper.js-1.14.3.tgz",
            "integrity": "sha1-FDj5jQRqz3tNeM1QK/QYrGTU8JU="
        },
        "sprintf-js": {
            "version": "1.0.3",
            "resolved": "https://registry.npmjs.org/sprintf-js/-/sprintf-js-1.0.3.tgz",
            "integrity": "sha1-BOaSb2YolTVPPdAVIDYzuFcpfiw="
        },
        "util-deprecate": {
            "version": "1.0.2",
            "resolved": "https://registry.npmjs.org/util-deprecate/-/util-deprecate-1.0.2.tgz",
            "integrity": "sha1-RQ1Nyfpw3nMnYvvS1KKJgUGaDM8="
        }
    }
}
