{
    "name": "startbootstrap-grayscale",
    "version": "4.1.1",
    "lockfileVersion": 1,
    "requires": true,
    "dependencies": {
        "@hapi/b64": {
            "version": "5.0.0",
            "resolved": "https://registry.npmjs.org/@hapi/b64/-/b64-5.0.0.tgz",
            "integrity": "sha512-ngu0tSEmrezoiIaNGG6rRvKOUkUuDdf4XTPnONHGYfSGRmDqPZX5oJL6HAdKTo1UQHECbdB4OzhWrfgVppjHUw==",
            "requires": {
                "@hapi/hoek": "9.x.x"
            }
        },
        "@hapi/boom": {
            "version": "9.1.4",
            "resolved": "https://registry.npmjs.org/@hapi/boom/-/boom-9.1.4.tgz",
            "integrity": "sha512-Ls1oH8jaN1vNsqcaHVYJrKmgMcKsC1wcp8bujvXrHaAqD2iDYq3HoOwsxwo09Cuda5R5nC0o0IxlrlTuvPuzSw==",
            "requires": {
                "@hapi/hoek": "9.x.x"
            }
        },
        "@hapi/cryptiles": {
            "version": "5.1.0",
            "resolved": "https://registry.npmjs.org/@hapi/cryptiles/-/cryptiles-5.1.0.tgz",
            "integrity": "sha512-fo9+d1Ba5/FIoMySfMqPBR/7Pa29J2RsiPrl7bkwo5W5o+AN1dAYQRi4SPrPwwVxVGKjgLOEWrsvt1BonJSfLA==",
            "requires": {
                "@hapi/boom": "9.x.x"
            }
        },
        "@hapi/hoek": {
            "version": "9.3.0",
            "resolved": "https://registry.npmjs.org/@hapi/hoek/-/hoek-9.3.0.tgz",
            "integrity": "sha512-/c6rf4UJlmHlC9b5BaNvzAcFv7HZ2QHaV0D4/HNlBdvFnvQq8RI4kYdhyPCl7Xj+oWvTWQ8ujhqS53LIgAe6KQ=="
        },
        "bootstrap": {
            "version": "4.1.1",
            "resolved": "https://registry.npmjs.org/bootstrap/-/bootstrap-4.1.1.tgz",
            "integrity": "sha512-SpiDSOcbg4J/PjVSt4ny5eY6j74VbVSjROY4Fb/WIUXBV9cnb5luyR4KnPvNoXuGnBK1T+nJIWqRsvU3yP8Mcg=="
        },
        "browser-sync": {
            "version": "2.24.3",
            "resolved": "https://registry.npmjs.org/browser-sync/-/browser-sync-2.24.3.tgz",
            "integrity": "sha512-X+6VIrakzQDF7HHskSXhBqLxaO2Jy87HShL8zeGzfwvBhWqza0r9ISGQBF664RVu6vlUsvQMNo0cWfZNJs7sWQ==",
            "dev": true
        },
        "font-awesome": {
            "version": "4.7.0",
            "resolved": "https://registry.npmjs.org/font-awesome/-/font-awesome-4.7.0.tgz",
            "integrity": "sha1-j6jPBBGhoxr9B7BtKQK7n8gVoTM="
        },
        "grunt": {
            "version": "1.0.2",
            "resolved": "https://registry.npmjs.org/grunt/-/grunt-1.0.2.tgz",
            "integrity": "sha1-TmpeaVtwRy/VME9fqeNCNoNqc7w=",
            "dependencies": {
                "dateformat": {
                    "version": "1.0.12",
                    "resolved": "https://registry.npmjs.org/dateformat/-/dateformat-1.0.12.tgz",
                    "integrity": "sha1-nxJLZ1lMk3/3BpMuSmQsyo27/uk="
                },
                "findup-sync": {
                    "version": "0.3.0",
                    "resolved": "https://registry.npmjs.org/findup-sync/-/findup-sync-0.3.0.tgz",
                    "integrity": "sha1-N5MKpdgWt3fANEXhlmzGeQpMCxY=",
                    "dependencies": {
                        "glob": {
                            "version": "5.0.15",
                            "resolved": "https://registry.npmjs.org/glob/-/glob-5.0.15.tgz",
                            "integrity": "sha1-G8k2ueAvSmA/zCIuz3Yz0wuLk7E="
                        }
                    }
                },
                "glob": {
                    "version": "7.0.6",
                    "resolved": "https://registry.npmjs.org/glob/-/glob-7.0.6.tgz",
                    "integrity": "sha1-IRuvr0nlJbjNkyYNFKsTYVKz9Xo="
                },
                "grunt-cli": {
                    "version": "1.2.0",
                    "resolved": "https://registry.npmjs.org/grunt-cli/-/grunt-cli-1.2.0.tgz",
                    "integrity": "sha1-VisRnrsGndtGSs4oRVAb6Xs1tqg="
                },
                "resolve": {
                    "version": "1.1.7",
                    "resolved": "https://registry.npmjs.org/resolve/-/resolve-1.1.7.tgz",
                    "integrity": "sha1-IDEU2CrSxe2ejgQRs5ModeiJ6Xs="
                },
                "rimraf": {
                    "version": "2.2.8",
                    "resolved": "https://registry.npmjs.org/rimraf/-/rimraf-2.2.8.tgz",
                    "integrity": "sha1-5Dm+Kq7jJzIZUnMPmaiSnk/FBYI="
                }
            }
        },
        "grunt-contrib-concat": {
            "version": "1.0.1",
            "resolved": "https://registry.npmjs.org/grunt-contrib-concat/-/grunt-contrib-concat-1.0.1.tgz",
            "integrity": "sha1-YVCYYwhOhx1+ht5IwBUlntl3Rb0="
        },
        "grunt-contrib-jshint": {
            "version": "1.1.0",
            "resolved": "https://registry.npmjs.org/grunt-contrib-jshint/-/grunt-contrib-jshint-1.1.0.tgz",
            "integrity": "sha1-Np2QmyWTxA6L55lAshNAhQx5Oaw="
        },
        "grunt-contrib-qunit": {
            "version": "2.0.0",
            "resolved": "https://registry.npmjs.org/grunt-contrib-qunit/-/grunt-contrib-qunit-2.0.0.tgz",
            "integrity": "sha1-VKUbSyyE/uYsO34AFFySjR7Ct+w="
        },
        "grunt-contrib-uglify": {
            "version": "3.3.0",
            "resolved": "https://registry.npmjs.org/grunt-contrib-uglify/-/grunt-contrib-uglify-3.3.0.tgz",
            "integrity": "sha512-W9O7lJE3PlD8VCc5fyaf98QV7f5wEDiU4PBIh0+/6UBbk2LhgzEFS0/p+taH5UD3+PlEn7QPN0o06Z0To6SqXw=="
        },
        "grunt-contrib-watch": {
            "version": "1.0.1",
            "resolved": "https://registry.npmjs.org/grunt-contrib-watch/-/grunt-contrib-watch-1.0.1.tgz",
            "integrity": "sha512-8Zka/svGl6+ZwF7d6z/CfXwsb4cDODnajmZsY4nUAs9Ob0kJEcsLiDf5qm2HdDoEcm3NHjWCrFiWx+PZ2y4D7A==",
            "dependencies": {
                "gaze": {
                    "version": "1.1.2",
                    "resolved": "https://registry.npmjs.org/gaze/-/gaze-1.1.2.tgz",
                    "integrity": "sha1-hHIkZ3rbiHDWeSV+0ziP22HkAQU="
                },
                "glob": {
                    "version": "7.1.2",
                    "resolved": "https://registry.npmjs.org/glob/-/glob-7.1.2.tgz",
                    "integrity": "sha512-MJTUg1kjuLeQCJ+ccE4Vpa6kKVXkPYJ2mOCQyUuKLcLQsdrMCpBPUi8qVE6+YuaJkozeA9NusTAw3hLr8Xe5EQ=="
                },
                "globule": {
                    "version": "1.2.0",
                    "resolved": "https://registry.npmjs.org/globule/-/globule-1.2.0.tgz",
                    "integrity": "sha1-HcScaCLdnoovoAuiopUAboZkvQk="
                },
                "lodash": {
                    "version": "4.17.10",
                    "resolved": "https://registry.npmjs.org/lodash/-/lodash-4.17.10.tgz",
                    "integrity": "sha512-UejweD1pDoXu+AD825lWwp4ZGtSwgnpZxb3JDViD7StjQz+Nb/6l093lx4OQ0foGWNRoc19mWy7BzL+UAK2iVg=="
                }
            }
        },
        "grunt-serve": {
            "version": "0.1.6",
            "resolved": "https://registry.npmjs.org/grunt-serve/-/grunt-serve-0.1.6.tgz",
            "integrity": "sha1-mGhKulH5JyrpvTT1l5iWLO7U7SM=",
            "dependencies": {
                "batch": {
                    "version": "0.5.0",
                    "resolved": "https://registry.npmjs.org/batch/-/batch-0.5.0.tgz",
                    "integrity": "sha1-/S4Fp6XWlrTbkxQBPihdj/NVfsM="
                },
                "bytes": {
                    "version": "0.2.1",
                    "resolved": "https://registry.npmjs.org/bytes/-/bytes-0.2.1.tgz",
                    "integrity": "sha1-VVsIq8sGP4l1kFMCUj5M1P/f3zE="
                },
                "connect": {
                    "version": "2.13.1",
                    "resolved": "https://registry.npmjs.org/connect/-/connect-2.13.1.tgz",
                    "integrity": "sha1-qrgr6fB2WkI6qZQxq5IqqoCBqiI="
                },
                "cookie": {
                    "version": "0.1.0",
                    "resolved": "https://registry.npmjs.org/cookie/-/cookie-0.1.0.tgz",
                    "integrity": "sha1-kOtGndzpBchm3mh+/EMTHYgB+dA="
                },
                "debug": {
                    "version": "0.8.1",
                    "resolved": "https://registry.npmjs.org/debug/-/debug-0.8.1.tgz",
                    "integrity": "sha1-IP9NJvXkIstoobrLu2EDmtjBwTA="
                },
                "fresh": {
                    "version": "0.2.0",
                    "resolved": "https://registry.npmjs.org/fresh/-/fresh-0.2.0.tgz",
                    "integrity": "sha1-v9lALPPfEsSkwxDHn5mj3eE9NKc="
                },
                "mime": {
                    "version": "1.2.11",
                    "resolved": "https://registry.npmjs.org/mime/-/mime-1.2.11.tgz",
                    "integrity": "sha1-WCA+7Ybjpe8XrtK32evUfwpg3RA="
                },
                "negotiator": {
                    "version": "0.3.0",
                    "resolved": "https://registry.npmjs.org/negotiator/-/negotiator-0.3.0.tgz",
                    "integrity": "sha1-cG1pLv7d9XTVfqn7GriaT6fuj2A="
                },
                "qs": {
                    "version": "0.6.6",
                    "resolved": "https://registry.npmjs.org/qs/-/qs-0.6.6.tgz",
                    "integrity": "sha1-bgFQmP9RlouKPIGQAdXyyJvEsQc="
                },
                "range-parser": {
                    "version": "0.0.4",
                    "resolved": "https://registry.npmjs.org/range-parser/-/range-parser-0.0.4.tgz",
                    "integrity": "sha1-wEJ//vUcEKy6B4KkbJYC50T/Ygs="
                },
                "raw-body": {
                    "version": "1.1.3",
                    "resolved": "https://registry.npmjs.org/raw-body/-/raw-body-1.1.3.tgz",
                    "integrity": "sha1-PS+R4kSSWcxnuMPOnwYdtbmHk1s="
                },
                "send": {
                    "version": "0.1.4",
                    "resolved": "https://registry.npmjs.org/send/-/send-0.1.4.tgz",
                    "integrity": "sha1-vnDY0b4B3mGCGvE3gLUDRaT3Gr0="
                }
            }
        },
        "gulp": {
            "version": "3.9.1",
            "resolved": "https://registry.npmjs.org/gulp/-/gulp-3.9.1.tgz",
            "integrity": "sha1-VxzkWSjdQK9lFPxAEYZgFsE4RbQ=",
            "dev": true,
            "dependencies": {
                "semver": {
                    "version": "4.3.6",
                    "resolved": "https://registry.npmjs.org/semver/-/semver-4.3.6.tgz",
                    "integrity": "sha1-MAvG4OhjdPe6YQaLWx7NV/xlMto="
                }
            }
        },
        "gulp-clean-css": {
            "version": "3.9.4",
            "resolved": "https://registry.npmjs.org/gulp-clean-css/-/gulp-clean-css-3.9.4.tgz",
            "integrity": "sha512-jsbAj65WM08H1jCFOKpIvA1OlACk7OHS2FFTeeBZrSJ5OR1PJzAqi0I2R2LTWYN3oMd/N1JYN9cN2IS/8eYqdg==",
            "dev": true
        },
        "gulp-header": {
            "version": "2.0.5",
            "resolved": "https://registry.npmjs.org/gulp-header/-/gulp-header-2.0.5.tgz",
            "integrity": "sha512-7bOIiHvM1GUHIG3LRH+UIanOxyjSys0FbzzgUBlV2cZIIZihEW+KKKKm0ejUBNGvRdhISEFFr6HlptXoa28gtQ==",
            "dev": true,
            "dependencies": {
                "lodash.template": {
                    "version": "4.4.0",
                    "resolved": "https://registry.npmjs.org/lodash.template/-/lodash.template-4.4.0.tgz",
                    "integrity": "sha1-5zoDhcg1VZF0bgILmWecaQ5o+6A="
                },
                "lodash.templatesettings": {
                    "version": "4.1.0",
                    "resolved": "https://registry.npmjs.org/lodash.templatesettings/-/lodash.templatesettings-4.1.0.tgz",
                    "integrity": "sha1-K01OlbpEDZFf8IvImeRVNmZxMxY="
                }
            }
        },
        "gulp-rename": {
            "version": "1.2.2",
            "resolved": "https://registry.npmjs.org/gulp-rename/-/gulp-rename-1.2.2.tgz",
            "integrity": "sha1-OtRCh2PwXidk3sHGfYaNsnVoeBc=",
            "dev": true
        },
        "gulp-sass": {
            "version": "4.0.1",
            "resolved": "https://registry.npmjs.org/gulp-sass/-/gulp-sass-4.0.1.tgz",
            "integrity": "sha512-OMQEgWNggpog8Tc5v1MuI6eo+5iiPkVeLL76iBhDoEEScLUPfZlpvzmgTnLkpcqdrNodZxpz5qcv6mS2rulk3g==",
            "dev": true,
            "dependencies": {
                "ansi-regex": {
                    "version": "3.0.0",
                    "resolved": "https://registry.npmjs.org/ansi-regex/-/ansi-regex-3.0.0.tgz",
                    "integrity": "sha1-7QMXwyIGT3lGbAKWa922Bas32Zg="
                },
                "ansi-styles": {
                    "version": "3.2.1",
                    "resolved": "https://registry.npmjs.org/ansi-styles/-/ansi-styles-3.2.1.tgz",
                    "integrity": "sha512-VT0ZI6kZRdTh8YyJw3SMbYm/u+NqfsAxEpWO0Pf9sq8/e94WxxOpPKx9FR1FlyCtOVDNOQ+8ntlqFxiRc+r5qA=="
                },
                "chalk": {
                    "version": "2.3.2",
                    "resolved": "https://registry.npmjs.org/chalk/-/chalk-2.3.2.tgz",
                    "integrity": "sha512-ZM4j2/ld/YZDc3Ma8PgN7gyAk+kHMMMyzLNryCPGhWrsfAuDVeuid5bpRFTDgMH9JBK2lA4dyyAkkZYF/WcqDQ=="
                },
                "replace-ext": {
                    "version": "1.0.0",
                    "resolved": "https://registry.npmjs.org/replace-ext/-/replace-ext-1.0.0.tgz",
                    "integrity": "sha1-3mMSg3P8v3w8z6TeWkgMRaZ5WOs="
                },
                "strip-ansi": {
                    "version": "4.0.0",
                    "resolved": "https://registry.npmjs.org/strip-ansi/-/strip-ansi-4.0.0.tgz",
                    "integrity": "sha1-qEeQIusaw2iocTibY1JixQXuNo8="
                },
                "supports-color": {
                    "version": "5.3.0",
                    "resolved": "https://registry.npmjs.org/supports-color/-/supports-color-5.3.0.tgz",
                    "integrity": "sha512-0aP01LLIskjKs3lq52EC0aGBAJhLq7B2Rd8HC/DR/PtNNpcLilNmHC12O+hu0usQpo7wtHNRqtrhBwtDb0+dNg=="
                }
            }
        },
        "gulp-uglify": {
            "version": "3.0.0",
            "resolved": "https://registry.npmjs.org/gulp-uglify/-/gulp-uglify-3.0.0.tgz",
            "integrity": "sha1-DfAzHXKg0wLj434QlIXd3zPG0co=",
            "dev": true,
            "dependencies": {
                "lodash": {
                    "version": "4.17.4",
                    "resolved": "https://registry.npmjs.org/lodash/-/lodash-4.17.4.tgz",
                    "integrity": "sha1-eCA6TRwyiuHYbcpkYONptX9AVa4="
                }
            }
        },
        "hawk": {
            "version": "9.0.1",
            "resolved": "https://registry.npmjs.org/hawk/-/hawk-9.0.1.tgz",
            "integrity": "sha512-H2E+5ATFEXmorgVzYl3NzG3PCo2e+euYrHDnRpLLdOtJrQHGRXrJT9/joWnrkHCtzDZkaNoLXg/+TsSkD06eNg==",
            "requires": {
                "@hapi/b64": "5.x.x",
                "@hapi/boom": "9.x.x",
                "@hapi/cryptiles": "5.x.x",
                "@hapi/hoek": "9.x.x"
            }
        },
        "jquery": {
            "version": "3.3.1",
            "resolved": "https://registry.npmjs.org/jquery/-/jquery-3.3.1.tgz",
            "integrity": "sha512-Ubldcmxp5np52/ENotGxlLe6aGMvmF4R8S6tZjsP6Knsaxd/xp3Zrh50cG93lR6nPXyUFwzN3ZSOQI0wRJNdGg=="
        },
        "jquery.easing": {
            "version": "1.4.1",
            "resolved": "https://registry.npmjs.org/jquery.easing/-/jquery.easing-1.4.1.tgz",
            "integrity": "sha1-R5gsWDa9dY/UhJSSPEoQHvbpPjs="
        },
        "popper.js": {
            "version": "1.14.3",
            "resolved": "https://registry.npmjs.org/popper.js/-/popper.js-1.14.3.tgz",
            "integrity": "sha1-FDj5jQRqz3tNeM1QK/QYrGTU8JU="
        }
    }
}
